
Microsoft Visual Studio Solution File, Format Version 12.00
# Visual Studio Version 17
VisualStudioVersion = 17.10.35122.118
MinimumVisualStudioVersion = 10.0.40219.1
Project("{FAE04EC0-301F-11D3-BF4B-00C04F79EFBC}") = "EnviosExpress", "EnviosExpress\EnviosExpress.csproj", "{AB710825-5C16-4995-A252-79151ACBA06F}"
EndProject
Global
	GlobalSection(SolutionConfigurationPlatforms) = preSolution
		Debug|Any CPU = Debug|Any CPU
		Release|Any CPU = Release|Any CPU
	EndGlobalSection
	GlobalSection(ProjectConfigurationPlatforms) = postSolution
		{AB710825-5C16-4995-A252-79151ACBA06F}.Debug|Any CPU.ActiveCfg = Debug|Any CPU
		{AB710825-5C16-4995-A252-79151ACBA06F}.Debug|Any CPU.Build.0 = Debug|Any CPU
		{AB710825-5C16-4995-A252-79151ACBA06F}.Release|Any CPU.ActiveCfg = Release|Any CPU
		{AB710825-5C16-4995-A252-79151ACBA06F}.Release|Any CPU.Build.0 = Release|Any CPU
	EndGlobalSection
	GlobalSection(SolutionProperties) = preSolution
		HideSolutionNode = FALSE
	EndGlobalSection
	GlobalSection(ExtensibilityGlobals) = postSolution
		SolutionGuid = {499C06A2-138E-4998-8FB2-04BDE09647D7}
	EndGlobalSection
EndGlobal
